
Microsoft Visual Studio Solution File, Format Version 12.00
# Visual Studio Version 16
VisualStudioVersion = 16.0.32901.82
MinimumVisualStudioVersion = 10.0.40219.1
Project("{FAE04EC0-301F-11D3-BF4B-00C04F79EFBC}") = "csharp new practice6", "csharp new practice6.csproj", "{B7014147-1973-4FCC-8B32-FCAC523A9780}"
EndProject
Global
	GlobalSection(SolutionConfigurationPlatforms) = preSolution
		Debug|Any CPU = Debug|Any CPU
		Release|Any CPU = Release|Any CPU
	EndGlobalSection
	GlobalSection(ProjectConfigurationPlatforms) = postSolution
		{B7014147-1973-4FCC-8B32-FCAC523A9780}.Debug|Any CPU.ActiveCfg = Debug|Any CPU
		{B7014147-1973-4FCC-8B32-FCAC523A9780}.Debug|Any CPU.Build.0 = Debug|Any CPU
		{B7014147-1973-4FCC-8B32-FCAC523A9780}.Release|Any CPU.ActiveCfg = Release|Any CPU
		{B7014147-1973-4FCC-8B32-FCAC523A9780}.Release|Any CPU.Build.0 = Release|Any CPU
	EndGlobalSection
	GlobalSection(SolutionProperties) = preSolution
		HideSolutionNode = FALSE
	EndGlobalSection
	GlobalSection(ExtensibilityGlobals) = postSolution
		SolutionGuid = {8966ED85-3C96-4AF6-A942-E18A57A45E41}
	EndGlobalSection
EndGlobal
